
Microsoft Visual Studio Solution File, Format Version 12.00
# Visual Studio Version 16
VisualStudioVersion = 16.0.32630.194
MinimumVisualStudioVersion = 10.0.40219.1
Project("{FAE04EC0-301F-11D3-BF4B-00C04F79EFBC}") = "Semana 3 ejemplo de menu en consola", "Semana 3 ejemplo de menu en consola.csproj", "{3F7EE259-769E-4998-8213-4D24DE4E2DD7}"
EndProject
Global
	GlobalSection(SolutionConfigurationPlatforms) = preSolution
		Debug|Any CPU = Debug|Any CPU
		Release|Any CPU = Release|Any CPU
	EndGlobalSection
	GlobalSection(ProjectConfigurationPlatforms) = postSolution
		{3F7EE259-769E-4998-8213-4D24DE4E2DD7}.Debug|Any CPU.ActiveCfg = Debug|Any CPU
		{3F7EE259-769E-4998-8213-4D24DE4E2DD7}.Debug|Any CPU.Build.0 = Debug|Any CPU
		{3F7EE259-769E-4998-8213-4D24DE4E2DD7}.Release|Any CPU.ActiveCfg = Release|Any CPU
		{3F7EE259-769E-4998-8213-4D24DE4E2DD7}.Release|Any CPU.Build.0 = Release|Any CPU
	EndGlobalSection
	GlobalSection(SolutionProperties) = preSolution
		HideSolutionNode = FALSE
	EndGlobalSection
	GlobalSection(ExtensibilityGlobals) = postSolution
		SolutionGuid = {C15D8165-92E8-42E4-9743-3368FC6806AC}
	EndGlobalSection
EndGlobal
